{
  "name": "agentoracle-receipt-verify-example",
  "version": "0.1.0",
  "lockfileVersion": 3,
  "requires": true,
  "packages": {
    "": {
      "name": "agentoracle-receipt-verify-example",
      "version": "0.1.0",
      "license": "MIT",
      "dependencies": {
        "canonicalize": "^3.0.0",
        "jose": "^5.9.6"
      },
      "engines": {
        "node": ">=18"
      }
    },
    "node_modules/canonicalize": {
      "version": "3.0.0",
      "resolved": "https://registry.npmjs.org/canonicalize/-/canonicalize-3.0.0.tgz",
      "integrity": "sha512-yYLfHyDMIXRyRqsKBRLX023riFLpXY2YOfdtqKXZRZy9qsfOJ9U+4F9YZL7MEzL5+ziN2x2nlBvY/Voi3EBljA==",
      "license": "Apache-2.0",
      "bin": {
        "canonicalize": "bin/canonicalize.js"
      },
      "engines": {
        "node": ">=18"
      }
    },
    "node_modules/jose": {
      "version": "5.10.0",
      "resolved": "https://registry.npmjs.org/jose/-/jose-5.10.0.tgz",
      "integrity": "sha512-s+3Al/p9g32Iq+oqXxkW//7jk2Vig6FF1CFqzVXoTUXt2qz89YWbL+OwS17NFYEvxC35n0FKeGO2LGYSxeM2Gg==",
      "license": "MIT",
      "funding": {
        "url": "https://github.com/sponsors/panva"
      }
    }
  }
}
